
Microsoft Visual Studio Solution File, Format Version 12.00
# Visual Studio Version 16
VisualStudioVersion = 25.0.1700.7
MinimumVisualStudioVersion = 10.0.40219.1
Project("{2150E333-8FDC-42A3-9474-1A3956D46DE8}") = "Core", "Core", "{86089AB1-9D5F-42A9-9BFB-F83EFC0B9411}"
EndProject
Project("{2150E333-8FDC-42A3-9474-1A3956D46DE8}") = "DataSource", "DataSource", "{061700EE-1B81-4838-9C4A-CC925BC2EED3}"
EndProject
Project("{FAE04EC0-301F-11D3-BF4B-00C04F79EFBC}") = "Clouded.Core.DataSource.Postgres", "Core\DataSource\Clouded.Core.DataSource.Postgres\Clouded.Core.DataSource.Postgres.csproj", "{566CD62C-5567-4815-B80B-B8D7D17645F7}"
EndProject
Project("{FAE04EC0-301F-11D3-BF4B-00C04F79EFBC}") = "Clouded.Core.DataSource.Shared", "Core\DataSource\Clouded.Core.DataSource.Shared\Clouded.Core.DataSource.Shared.csproj", "{7FED1915-14C0-4E10-A1DA-9D83E154E7FB}"
EndProject
Project("{2150E333-8FDC-42A3-9474-1A3956D46DE8}") = "Docker", "Docker", "{5AC2FD85-DCBE-44D2-B622-047573D4A3A5}"
	ProjectSection(SolutionItems) = preProject
		Docker\docker-compose.yml = Docker\docker-compose.yml
	EndProjectSection
EndProject
Project("{FAE04EC0-301F-11D3-BF4B-00C04F79EFBC}") = "Clouded.Core.DataSource.Mysql", "Core\DataSource\Clouded.Core.DataSource.Mysql\Clouded.Core.DataSource.Mysql.csproj", "{E0BEE7B3-1835-43DA-BFF3-AD3FDD1EAB26}"
EndProject
Project("{FAE04EC0-301F-11D3-BF4B-00C04F79EFBC}") = "Clouded.Core.DataSource.Api", "Core\DataSource\Clouded.Core.DataSource.Api\Clouded.Core.DataSource.Api.csproj", "{406284D4-0E84-4D92-A789-69D0D1C12673}"
EndProject
Project("{2150E333-8FDC-42A3-9474-1A3956D46DE8}") = "Platform", "Platform", "{F881D5B0-8DDD-4B9A-B1DF-1324529FBE02}"
EndProject
Project("{FAE04EC0-301F-11D3-BF4B-00C04F79EFBC}") = "Clouded.Core.DataSource.Cli", "Core\DataSource\Clouded.Core.DataSource.Cli\Clouded.Core.DataSource.Cli.csproj", "{3E8C8FEB-7D3F-4021-A9E2-38169244E1BE}"
EndProject
Project("{2150E333-8FDC-42A3-9474-1A3956D46DE8}") = "Auth", "Auth", "{2B99E99B-9784-4556-A3E7-1EDF7A90DEEE}"
EndProject
Project("{FAE04EC0-301F-11D3-BF4B-00C04F79EFBC}") = "Clouded.Shared", "Clouded.Shared\Clouded.Shared.csproj", "{064229C2-B432-4864-A054-523D6E8286C0}"
EndProject
Project("{FAE04EC0-301F-11D3-BF4B-00C04F79EFBC}") = "Clouded.Platform.Database", "Platform\Clouded.Platform.Database\Clouded.Platform.Database.csproj", "{BD203B7E-3A05-43D7-99BE-F81BC5FD0D50}"
EndProject
Project("{FAE04EC0-301F-11D3-BF4B-00C04F79EFBC}") = "Clouded.Platform.App.Web", "Platform\Clouded.Platform.App.Web\Clouded.Platform.App.Web.csproj", "{E38A8B93-7315-4357-ACBF-B5DD59009421}"
EndProject
Project("{FAE04EC0-301F-11D3-BF4B-00C04F79EFBC}") = "Clouded.Auth.Client", "Auth\Clouded.Auth.Client\Clouded.Auth.Client.csproj", "{3430EA34-52CF-4CCE-9084-168D51C38F3E}"
EndProject
Project("{FAE04EC0-301F-11D3-BF4B-00C04F79EFBC}") = "Clouded.Auth.Client.Cli", "Auth\Clouded.Auth.Client.Cli\Clouded.Auth.Client.Cli.csproj", "{E5743168-5DD3-4459-B913-1776BDC788B2}"
EndProject
Project("{FAE04EC0-301F-11D3-BF4B-00C04F79EFBC}") = "Clouded.Auth.Shared", "Auth\Clouded.Auth.Shared\Clouded.Auth.Shared.csproj", "{AEB48351-DFBF-41C9-843E-B7265FD924EB}"
EndProject
Project("{2150E333-8FDC-42A3-9474-1A3956D46DE8}") = "Function", "Function", "{F81028E3-D630-4E05-808B-7BE250E7CB10}"
EndProject
Project("{FAE04EC0-301F-11D3-BF4B-00C04F79EFBC}") = "Clouded.Function.Api", "Function\Clouded.Function.Api\Clouded.Function.Api.csproj", "{35CDD9D0-4B72-46D3-9D16-1E1544E55C9C}"
EndProject
Project("{FAE04EC0-301F-11D3-BF4B-00C04F79EFBC}") = "Clouded.Function.Shared", "Function\Clouded.Function.Shared\Clouded.Function.Shared.csproj", "{26B2A176-ECB4-44B0-920E-A4F504965E85}"
EndProject
Project("{2150E333-8FDC-42A3-9474-1A3956D46DE8}") = "Admin", "Admin", "{788C5242-D617-4197-92DC-E8F657BE8132}"
EndProject
Project("{FAE04EC0-301F-11D3-BF4B-00C04F79EFBC}") = "Clouded.Admin.Provider", "Admin\Clouded.Admin.Provider\Clouded.Admin.Provider.csproj", "{3B687855-FC62-4651-B84A-6396123D2E44}"
EndProject
Project("{FAE04EC0-301F-11D3-BF4B-00C04F79EFBC}") = "Clouded.Function.Framework", "Function\Clouded.Function.Framework\Clouded.Function.Framework.csproj", "{C88A45DC-3269-4CCB-BB21-E1071D53E6C7}"
EndProject
Project("{FAE04EC0-301F-11D3-BF4B-00C04F79EFBC}") = "Clouded.Function.Framework.Cli", "Function\Clouded.Function.Framework.Cli\Clouded.Function.Framework.Cli.csproj", "{CB63107F-832D-4A34-892A-AC470BC435A2}"
EndProject
Project("{FAE04EC0-301F-11D3-BF4B-00C04F79EFBC}") = "Clouded.Platform.Models", "Platform\Clouded.Platform.Models\Clouded.Platform.Models.csproj", "{38596BF1-B190-4D2D-A2E1-4581ABD590D8}"
EndProject
Project("{FAE04EC0-301F-11D3-BF4B-00C04F79EFBC}") = "Clouded.Platform.Hub", "Platform\Clouded.Platform.Hub\Clouded.Platform.Hub.csproj", "{36BE5C8C-35AC-4D54-8E59-7E1E49BE2B81}"
EndProject
Project("{FAE04EC0-301F-11D3-BF4B-00C04F79EFBC}") = "Clouded.Platform.Provider", "Platform\Clouded.Platform.Provider\Clouded.Platform.Provider.csproj", "{501FBDB3-7EFC-4671-A538-58D1F575CE1B}"
EndProject
Project("{2150E333-8FDC-42A3-9474-1A3956D46DE8}") = "WebSupport", "WebSupport", "{C7B7B7C7-1ED0-4BE7-A016-09AC0487170A}"
EndProject
Project("{FAE04EC0-301F-11D3-BF4B-00C04F79EFBC}") = "WebSupport.Library", "Core\WebSupport\WebSupport.Library\WebSupport.Library.csproj", "{05447787-E69E-4503-BE7F-90C3D1DCF6D8}"
EndProject
Project("{FAE04EC0-301F-11D3-BF4B-00C04F79EFBC}") = "WebSupport.Library.Cli", "Core\WebSupport\WebSupport.Library.Cli\WebSupport.Library.Cli.csproj", "{45072358-749D-4A83-8751-CB35E5D792A9}"
EndProject
Project("{2150E333-8FDC-42A3-9474-1A3956D46DE8}") = "Mail", "Mail", "{A6E56145-0930-4BAC-B804-E3A6E2FAC28F}"
EndProject
Project("{FAE04EC0-301F-11D3-BF4B-00C04F79EFBC}") = "Clouded.Core.Mail.Library", "Core\Mail\Clouded.Core.Mail.Library\Clouded.Core.Mail.Library.csproj", "{D22D094E-A8BC-4240-93A5-8FC27754B40F}"
EndProject
Project("{2150E333-8FDC-42A3-9474-1A3956D46DE8}") = "Repository", "Repository", "{A2143E7F-4D5C-4BAE-8595-3E8A9D3C2C1C}"
EndProject
Project("{FAE04EC0-301F-11D3-BF4B-00C04F79EFBC}") = "Clouded.Core.Repository.Github", "Core\Repository\Clouded.Core.Repository.Github\Clouded.Core.Repository.Github.csproj", "{C14AEA12-3603-4E73-B5F9-CF3D5FE24A07}"
EndProject
Project("{FAE04EC0-301F-11D3-BF4B-00C04F79EFBC}") = "Clouded.Core.Repository.Shared", "Core\Repository\Clouded.Core.Repository.Shared\Clouded.Core.Repository.Shared.csproj", "{6FC16E67-81D2-4E4E-9286-42D4A42F9BD8}"
EndProject
Project("{2150E333-8FDC-42A3-9474-1A3956D46DE8}") = "Harbor", "Harbor", "{2EF0B3DA-5389-4B20-98AB-E0A8684F660A}"
EndProject
Project("{FAE04EC0-301F-11D3-BF4B-00C04F79EFBC}") = "Harbor.Library", "Core\Harbor\Harbor.Library\Harbor.Library.csproj", "{341EE759-C69D-4046-91C6-983E29DC713E}"
EndProject
Project("{FAE04EC0-301F-11D3-BF4B-00C04F79EFBC}") = "Harbor.Library.Cli", "Core\Harbor\Harbor.Library.Cli\Harbor.Library.Cli.csproj", "{AFC6EBCB-4A4C-49A1-8CAC-E424FF11DA4C}"
EndProject
Project("{FAE04EC0-301F-11D3-BF4B-00C04F79EFBC}") = "Clouded.Core.Repository", "Core\Repository\Clouded.Core.Repository\Clouded.Core.Repository.csproj", "{94CCB90C-FC47-4392-AE6E-4126484A0393}"
EndProject
Project("{FAE04EC0-301F-11D3-BF4B-00C04F79EFBC}") = "Clouded.Function.Library", "Function\Clouded.Function.Library\Clouded.Function.Library.csproj", "{41A5D537-2823-49AA-9398-74431D0CF180}"
EndProject
Project("{FAE04EC0-301F-11D3-BF4B-00C04F79EFBC}") = "Clouded.Auth.Provider", "Auth\Clouded.Auth.Provider\Clouded.Auth.Provider.csproj", "{7AB788FF-8680-491E-851D-41B1C80C36C2}"
EndProject
Project("{FAE04EC0-301F-11D3-BF4B-00C04F79EFBC}") = "Clouded.Results", "Clouded.Results\Clouded.Results.csproj", "{0EF92306-6C40-46F0-B95E-78C206448D54}"
EndProject
Project("{2150E333-8FDC-42A3-9474-1A3956D46DE8}") = "Tracking", "Tracking", "{5C55BE3B-F1A5-4DF4-B477-18937B37C539}"
EndProject
Project("{FAE04EC0-301F-11D3-BF4B-00C04F79EFBC}") = "Clouded.Core.Tracking", "Core\Tracking\Clouded.Core.Tracking\Clouded.Core.Tracking.csproj", "{93D9AA90-4E28-46EE-9607-14D3D7C5A360}"
EndProject
Project("{FAE04EC0-301F-11D3-BF4B-00C04F79EFBC}") = "Clouded.Shared.Components", "Clouded.Shared.Components\Clouded.Shared.Components.csproj", "{CFFCB5D5-A7C8-415A-A46E-4A41E3BE91D3}"
EndProject
Project("{FAE04EC0-301F-11D3-BF4B-00C04F79EFBC}") = "Clouded.Platform.Shared", "Platform\Clouded.Platform.Shared\Clouded.Platform.Shared.csproj", "{55F15A8F-5A2B-415E-BA09-EF7914283924}"
EndProject
Project("{2150E333-8FDC-42A3-9474-1A3956D46DE8}") = "API", "API", "{5FCC8AC6-53E9-470F-8F63-19B090882054}"
EndProject
Project("{2150E333-8FDC-42A3-9474-1A3956D46DE8}") = "License", "License", "{537A3444-8456-4D94-9DA9-FB70A61A2C0C}"
EndProject
Project("{FAE04EC0-301F-11D3-BF4B-00C04F79EFBC}") = "Clouded.Core.License", "Core\License\Clouded.Core.License\Clouded.Core.License.csproj", "{06C3D4CB-AC51-4AAA-AA00-A834D345C45B}"
EndProject
Project("{FAE04EC0-301F-11D3-BF4B-00C04F79EFBC}") = "Clouded.License.Generator", "Core\License\Clouded.License.Generator\Clouded.License.Generator.csproj", "{AD546444-A13D-41B8-BA74-B9BAE287D59D}"
EndProject
Global
	GlobalSection(SolutionConfigurationPlatforms) = preSolution
		Debug|Any CPU = Debug|Any CPU
		Release|Any CPU = Release|Any CPU
	EndGlobalSection
	GlobalSection(ProjectConfigurationPlatforms) = postSolution
		{566CD62C-5567-4815-B80B-B8D7D17645F7}.Debug|Any CPU.ActiveCfg = Debug|Any CPU
		{566CD62C-5567-4815-B80B-B8D7D17645F7}.Debug|Any CPU.Build.0 = Debug|Any CPU
		{566CD62C-5567-4815-B80B-B8D7D17645F7}.Release|Any CPU.ActiveCfg = Release|Any CPU
		{566CD62C-5567-4815-B80B-B8D7D17645F7}.Release|Any CPU.Build.0 = Release|Any CPU
		{7FED1915-14C0-4E10-A1DA-9D83E154E7FB}.Debug|Any CPU.ActiveCfg = Debug|Any CPU
		{7FED1915-14C0-4E10-A1DA-9D83E154E7FB}.Debug|Any CPU.Build.0 = Debug|Any CPU
		{7FED1915-14C0-4E10-A1DA-9D83E154E7FB}.Release|Any CPU.ActiveCfg = Release|Any CPU
		{7FED1915-14C0-4E10-A1DA-9D83E154E7FB}.Release|Any CPU.Build.0 = Release|Any CPU
		{E0BEE7B3-1835-43DA-BFF3-AD3FDD1EAB26}.Debug|Any CPU.ActiveCfg = Debug|Any CPU
		{E0BEE7B3-1835-43DA-BFF3-AD3FDD1EAB26}.Debug|Any CPU.Build.0 = Debug|Any CPU
		{E0BEE7B3-1835-43DA-BFF3-AD3FDD1EAB26}.Release|Any CPU.ActiveCfg = Release|Any CPU
		{E0BEE7B3-1835-43DA-BFF3-AD3FDD1EAB26}.Release|Any CPU.Build.0 = Release|Any CPU
		{406284D4-0E84-4D92-A789-69D0D1C12673}.Debug|Any CPU.ActiveCfg = Debug|Any CPU
		{406284D4-0E84-4D92-A789-69D0D1C12673}.Debug|Any CPU.Build.0 = Debug|Any CPU
		{406284D4-0E84-4D92-A789-69D0D1C12673}.Release|Any CPU.ActiveCfg = Release|Any CPU
		{406284D4-0E84-4D92-A789-69D0D1C12673}.Release|Any CPU.Build.0 = Release|Any CPU
		{3E8C8FEB-7D3F-4021-A9E2-38169244E1BE}.Debug|Any CPU.ActiveCfg = Debug|Any CPU
		{3E8C8FEB-7D3F-4021-A9E2-38169244E1BE}.Debug|Any CPU.Build.0 = Debug|Any CPU
		{3E8C8FEB-7D3F-4021-A9E2-38169244E1BE}.Release|Any CPU.ActiveCfg = Release|Any CPU
		{3E8C8FEB-7D3F-4021-A9E2-38169244E1BE}.Release|Any CPU.Build.0 = Release|Any CPU
		{064229C2-B432-4864-A054-523D6E8286C0}.Debug|Any CPU.ActiveCfg = Debug|Any CPU
		{064229C2-B432-4864-A054-523D6E8286C0}.Debug|Any CPU.Build.0 = Debug|Any CPU
		{064229C2-B432-4864-A054-523D6E8286C0}.Release|Any CPU.ActiveCfg = Release|Any CPU
		{064229C2-B432-4864-A054-523D6E8286C0}.Release|Any CPU.Build.0 = Release|Any CPU
		{BD203B7E-3A05-43D7-99BE-F81BC5FD0D50}.Debug|Any CPU.ActiveCfg = Debug|Any CPU
		{BD203B7E-3A05-43D7-99BE-F81BC5FD0D50}.Debug|Any CPU.Build.0 = Debug|Any CPU
		{BD203B7E-3A05-43D7-99BE-F81BC5FD0D50}.Release|Any CPU.ActiveCfg = Release|Any CPU
		{BD203B7E-3A05-43D7-99BE-F81BC5FD0D50}.Release|Any CPU.Build.0 = Release|Any CPU
		{E38A8B93-7315-4357-ACBF-B5DD59009421}.Debug|Any CPU.ActiveCfg = Debug|Any CPU
		{E38A8B93-7315-4357-ACBF-B5DD59009421}.Debug|Any CPU.Build.0 = Debug|Any CPU
		{E38A8B93-7315-4357-ACBF-B5DD59009421}.Release|Any CPU.ActiveCfg = Release|Any CPU
		{E38A8B93-7315-4357-ACBF-B5DD59009421}.Release|Any CPU.Build.0 = Release|Any CPU
		{3430EA34-52CF-4CCE-9084-168D51C38F3E}.Debug|Any CPU.ActiveCfg = Debug|Any CPU
		{3430EA34-52CF-4CCE-9084-168D51C38F3E}.Debug|Any CPU.Build.0 = Debug|Any CPU
		{3430EA34-52CF-4CCE-9084-168D51C38F3E}.Release|Any CPU.ActiveCfg = Release|Any CPU
		{3430EA34-52CF-4CCE-9084-168D51C38F3E}.Release|Any CPU.Build.0 = Release|Any CPU
		{E5743168-5DD3-4459-B913-1776BDC788B2}.Debug|Any CPU.ActiveCfg = Debug|Any CPU
		{E5743168-5DD3-4459-B913-1776BDC788B2}.Debug|Any CPU.Build.0 = Debug|Any CPU
		{E5743168-5DD3-4459-B913-1776BDC788B2}.Release|Any CPU.ActiveCfg = Release|Any CPU
		{E5743168-5DD3-4459-B913-1776BDC788B2}.Release|Any CPU.Build.0 = Release|Any CPU
		{AEB48351-DFBF-41C9-843E-B7265FD924EB}.Debug|Any CPU.ActiveCfg = Debug|Any CPU
		{AEB48351-DFBF-41C9-843E-B7265FD924EB}.Debug|Any CPU.Build.0 = Debug|Any CPU
		{AEB48351-DFBF-41C9-843E-B7265FD924EB}.Release|Any CPU.ActiveCfg = Release|Any CPU
		{AEB48351-DFBF-41C9-843E-B7265FD924EB}.Release|Any CPU.Build.0 = Release|Any CPU
		{35CDD9D0-4B72-46D3-9D16-1E1544E55C9C}.Debug|Any CPU.ActiveCfg = Debug|Any CPU
		{35CDD9D0-4B72-46D3-9D16-1E1544E55C9C}.Debug|Any CPU.Build.0 = Debug|Any CPU
		{35CDD9D0-4B72-46D3-9D16-1E1544E55C9C}.Release|Any CPU.ActiveCfg = Release|Any CPU
		{35CDD9D0-4B72-46D3-9D16-1E1544E55C9C}.Release|Any CPU.Build.0 = Release|Any CPU
		{26B2A176-ECB4-44B0-920E-A4F504965E85}.Debug|Any CPU.ActiveCfg = Debug|Any CPU
		{26B2A176-ECB4-44B0-920E-A4F504965E85}.Debug|Any CPU.Build.0 = Debug|Any CPU
		{26B2A176-ECB4-44B0-920E-A4F504965E85}.Release|Any CPU.ActiveCfg = Release|Any CPU
		{26B2A176-ECB4-44B0-920E-A4F504965E85}.Release|Any CPU.Build.0 = Release|Any CPU
		{3B687855-FC62-4651-B84A-6396123D2E44}.Debug|Any CPU.ActiveCfg = Debug|Any CPU
		{3B687855-FC62-4651-B84A-6396123D2E44}.Debug|Any CPU.Build.0 = Debug|Any CPU
		{3B687855-FC62-4651-B84A-6396123D2E44}.Release|Any CPU.ActiveCfg = Release|Any CPU
		{3B687855-FC62-4651-B84A-6396123D2E44}.Release|Any CPU.Build.0 = Release|Any CPU
		{C88A45DC-3269-4CCB-BB21-E1071D53E6C7}.Debug|Any CPU.ActiveCfg = Debug|Any CPU
		{C88A45DC-3269-4CCB-BB21-E1071D53E6C7}.Debug|Any CPU.Build.0 = Debug|Any CPU
		{C88A45DC-3269-4CCB-BB21-E1071D53E6C7}.Release|Any CPU.ActiveCfg = Release|Any CPU
		{C88A45DC-3269-4CCB-BB21-E1071D53E6C7}.Release|Any CPU.Build.0 = Release|Any CPU
		{CB63107F-832D-4A34-892A-AC470BC435A2}.Debug|Any CPU.ActiveCfg = Debug|Any CPU
		{CB63107F-832D-4A34-892A-AC470BC435A2}.Debug|Any CPU.Build.0 = Debug|Any CPU
		{CB63107F-832D-4A34-892A-AC470BC435A2}.Release|Any CPU.ActiveCfg = Release|Any CPU
		{CB63107F-832D-4A34-892A-AC470BC435A2}.Release|Any CPU.Build.0 = Release|Any CPU
		{38596BF1-B190-4D2D-A2E1-4581ABD590D8}.Debug|Any CPU.ActiveCfg = Debug|Any CPU
		{38596BF1-B190-4D2D-A2E1-4581ABD590D8}.Debug|Any CPU.Build.0 = Debug|Any CPU
		{38596BF1-B190-4D2D-A2E1-4581ABD590D8}.Release|Any CPU.ActiveCfg = Release|Any CPU
		{38596BF1-B190-4D2D-A2E1-4581ABD590D8}.Release|Any CPU.Build.0 = Release|Any CPU
		{36BE5C8C-35AC-4D54-8E59-7E1E49BE2B81}.Debug|Any CPU.ActiveCfg = Debug|Any CPU
		{36BE5C8C-35AC-4D54-8E59-7E1E49BE2B81}.Debug|Any CPU.Build.0 = Debug|Any CPU
		{36BE5C8C-35AC-4D54-8E59-7E1E49BE2B81}.Release|Any CPU.ActiveCfg = Release|Any CPU
		{36BE5C8C-35AC-4D54-8E59-7E1E49BE2B81}.Release|Any CPU.Build.0 = Release|Any CPU
		{501FBDB3-7EFC-4671-A538-58D1F575CE1B}.Debug|Any CPU.ActiveCfg = Debug|Any CPU
		{501FBDB3-7EFC-4671-A538-58D1F575CE1B}.Debug|Any CPU.Build.0 = Debug|Any CPU
		{501FBDB3-7EFC-4671-A538-58D1F575CE1B}.Release|Any CPU.ActiveCfg = Release|Any CPU
		{501FBDB3-7EFC-4671-A538-58D1F575CE1B}.Release|Any CPU.Build.0 = Release|Any CPU
		{05447787-E69E-4503-BE7F-90C3D1DCF6D8}.Debug|Any CPU.ActiveCfg = Debug|Any CPU
		{05447787-E69E-4503-BE7F-90C3D1DCF6D8}.Debug|Any CPU.Build.0 = Debug|Any CPU
		{05447787-E69E-4503-BE7F-90C3D1DCF6D8}.Release|Any CPU.ActiveCfg = Release|Any CPU
		{05447787-E69E-4503-BE7F-90C3D1DCF6D8}.Release|Any CPU.Build.0 = Release|Any CPU
		{45072358-749D-4A83-8751-CB35E5D792A9}.Debug|Any CPU.ActiveCfg = Debug|Any CPU
		{45072358-749D-4A83-8751-CB35E5D792A9}.Debug|Any CPU.Build.0 = Debug|Any CPU
		{45072358-749D-4A83-8751-CB35E5D792A9}.Release|Any CPU.ActiveCfg = Release|Any CPU
		{45072358-749D-4A83-8751-CB35E5D792A9}.Release|Any CPU.Build.0 = Release|Any CPU
		{D22D094E-A8BC-4240-93A5-8FC27754B40F}.Debug|Any CPU.ActiveCfg = Debug|Any CPU
		{D22D094E-A8BC-4240-93A5-8FC27754B40F}.Debug|Any CPU.Build.0 = Debug|Any CPU
		{D22D094E-A8BC-4240-93A5-8FC27754B40F}.Release|Any CPU.ActiveCfg = Release|Any CPU
		{D22D094E-A8BC-4240-93A5-8FC27754B40F}.Release|Any CPU.Build.0 = Release|Any CPU
		{C14AEA12-3603-4E73-B5F9-CF3D5FE24A07}.Debug|Any CPU.ActiveCfg = Debug|Any CPU
		{C14AEA12-3603-4E73-B5F9-CF3D5FE24A07}.Debug|Any CPU.Build.0 = Debug|Any CPU
		{C14AEA12-3603-4E73-B5F9-CF3D5FE24A07}.Release|Any CPU.ActiveCfg = Release|Any CPU
		{C14AEA12-3603-4E73-B5F9-CF3D5FE24A07}.Release|Any CPU.Build.0 = Release|Any CPU
		{6FC16E67-81D2-4E4E-9286-42D4A42F9BD8}.Debug|Any CPU.ActiveCfg = Debug|Any CPU
		{6FC16E67-81D2-4E4E-9286-42D4A42F9BD8}.Debug|Any CPU.Build.0 = Debug|Any CPU
		{6FC16E67-81D2-4E4E-9286-42D4A42F9BD8}.Release|Any CPU.ActiveCfg = Release|Any CPU
		{6FC16E67-81D2-4E4E-9286-42D4A42F9BD8}.Release|Any CPU.Build.0 = Release|Any CPU
		{341EE759-C69D-4046-91C6-983E29DC713E}.Debug|Any CPU.ActiveCfg = Debug|Any CPU
		{341EE759-C69D-4046-91C6-983E29DC713E}.Debug|Any CPU.Build.0 = Debug|Any CPU
		{341EE759-C69D-4046-91C6-983E29DC713E}.Release|Any CPU.ActiveCfg = Release|Any CPU
		{341EE759-C69D-4046-91C6-983E29DC713E}.Release|Any CPU.Build.0 = Release|Any CPU
		{AFC6EBCB-4A4C-49A1-8CAC-E424FF11DA4C}.Debug|Any CPU.ActiveCfg = Debug|Any CPU
		{AFC6EBCB-4A4C-49A1-8CAC-E424FF11DA4C}.Debug|Any CPU.Build.0 = Debug|Any CPU
		{AFC6EBCB-4A4C-49A1-8CAC-E424FF11DA4C}.Release|Any CPU.ActiveCfg = Release|Any CPU
		{AFC6EBCB-4A4C-49A1-8CAC-E424FF11DA4C}.Release|Any CPU.Build.0 = Release|Any CPU
		{94CCB90C-FC47-4392-AE6E-4126484A0393}.Debug|Any CPU.ActiveCfg = Debug|Any CPU
		{94CCB90C-FC47-4392-AE6E-4126484A0393}.Debug|Any CPU.Build.0 = Debug|Any CPU
		{94CCB90C-FC47-4392-AE6E-4126484A0393}.Release|Any CPU.ActiveCfg = Release|Any CPU
		{94CCB90C-FC47-4392-AE6E-4126484A0393}.Release|Any CPU.Build.0 = Release|Any CPU
		{41A5D537-2823-49AA-9398-74431D0CF180}.Debug|Any CPU.ActiveCfg = Debug|Any CPU
		{41A5D537-2823-49AA-9398-74431D0CF180}.Debug|Any CPU.Build.0 = Debug|Any CPU
		{41A5D537-2823-49AA-9398-74431D0CF180}.Release|Any CPU.ActiveCfg = Release|Any CPU
		{41A5D537-2823-49AA-9398-74431D0CF180}.Release|Any CPU.Build.0 = Release|Any CPU
		{7AB788FF-8680-491E-851D-41B1C80C36C2}.Debug|Any CPU.ActiveCfg = Debug|Any CPU
		{7AB788FF-8680-491E-851D-41B1C80C36C2}.Debug|Any CPU.Build.0 = Debug|Any CPU
		{7AB788FF-8680-491E-851D-41B1C80C36C2}.Release|Any CPU.ActiveCfg = Release|Any CPU
		{7AB788FF-8680-491E-851D-41B1C80C36C2}.Release|Any CPU.Build.0 = Release|Any CPU
		{0EF92306-6C40-46F0-B95E-78C206448D54}.Debug|Any CPU.ActiveCfg = Debug|Any CPU
		{0EF92306-6C40-46F0-B95E-78C206448D54}.Debug|Any CPU.Build.0 = Debug|Any CPU
		{0EF92306-6C40-46F0-B95E-78C206448D54}.Release|Any CPU.ActiveCfg = Release|Any CPU
		{0EF92306-6C40-46F0-B95E-78C206448D54}.Release|Any CPU.Build.0 = Release|Any CPU
		{93D9AA90-4E28-46EE-9607-14D3D7C5A360}.Debug|Any CPU.ActiveCfg = Debug|Any CPU
		{93D9AA90-4E28-46EE-9607-14D3D7C5A360}.Debug|Any CPU.Build.0 = Debug|Any CPU
		{93D9AA90-4E28-46EE-9607-14D3D7C5A360}.Release|Any CPU.ActiveCfg = Release|Any CPU
		{93D9AA90-4E28-46EE-9607-14D3D7C5A360}.Release|Any CPU.Build.0 = Release|Any CPU
		{CFFCB5D5-A7C8-415A-A46E-4A41E3BE91D3}.Debug|Any CPU.ActiveCfg = Debug|Any CPU
		{CFFCB5D5-A7C8-415A-A46E-4A41E3BE91D3}.Debug|Any CPU.Build.0 = Debug|Any CPU
		{CFFCB5D5-A7C8-415A-A46E-4A41E3BE91D3}.Release|Any CPU.ActiveCfg = Release|Any CPU
		{CFFCB5D5-A7C8-415A-A46E-4A41E3BE91D3}.Release|Any CPU.Build.0 = Release|Any CPU
		{55F15A8F-5A2B-415E-BA09-EF7914283924}.Debug|Any CPU.ActiveCfg = Debug|Any CPU
		{55F15A8F-5A2B-415E-BA09-EF7914283924}.Debug|Any CPU.Build.0 = Debug|Any CPU
		{55F15A8F-5A2B-415E-BA09-EF7914283924}.Release|Any CPU.ActiveCfg = Release|Any CPU
		{55F15A8F-5A2B-415E-BA09-EF7914283924}.Release|Any CPU.Build.0 = Release|Any CPU
		{06C3D4CB-AC51-4AAA-AA00-A834D345C45B}.Debug|Any CPU.ActiveCfg = Debug|Any CPU
		{06C3D4CB-AC51-4AAA-AA00-A834D345C45B}.Debug|Any CPU.Build.0 = Debug|Any CPU
		{06C3D4CB-AC51-4AAA-AA00-A834D345C45B}.Release|Any CPU.ActiveCfg = Release|Any CPU
		{06C3D4CB-AC51-4AAA-AA00-A834D345C45B}.Release|Any CPU.Build.0 = Release|Any CPU
		{AD546444-A13D-41B8-BA74-B9BAE287D59D}.Debug|Any CPU.ActiveCfg = Debug|Any CPU
		{AD546444-A13D-41B8-BA74-B9BAE287D59D}.Debug|Any CPU.Build.0 = Debug|Any CPU
		{AD546444-A13D-41B8-BA74-B9BAE287D59D}.Release|Any CPU.ActiveCfg = Release|Any CPU
		{AD546444-A13D-41B8-BA74-B9BAE287D59D}.Release|Any CPU.Build.0 = Release|Any CPU
	EndGlobalSection
	GlobalSection(SolutionProperties) = preSolution
		HideSolutionNode = FALSE
	EndGlobalSection
	GlobalSection(ExtensibilityGlobals) = postSolution
		SolutionGuid = {F6ED0458-FD2A-408D-B593-86842B1C4105}
	EndGlobalSection
	GlobalSection(NestedProjects) = preSolution
		{061700EE-1B81-4838-9C4A-CC925BC2EED3} = {86089AB1-9D5F-42A9-9BFB-F83EFC0B9411}
		{566CD62C-5567-4815-B80B-B8D7D17645F7} = {061700EE-1B81-4838-9C4A-CC925BC2EED3}
		{7FED1915-14C0-4E10-A1DA-9D83E154E7FB} = {061700EE-1B81-4838-9C4A-CC925BC2EED3}
		{E0BEE7B3-1835-43DA-BFF3-AD3FDD1EAB26} = {061700EE-1B81-4838-9C4A-CC925BC2EED3}
		{406284D4-0E84-4D92-A789-69D0D1C12673} = {061700EE-1B81-4838-9C4A-CC925BC2EED3}
		{3E8C8FEB-7D3F-4021-A9E2-38169244E1BE} = {061700EE-1B81-4838-9C4A-CC925BC2EED3}
		{BD203B7E-3A05-43D7-99BE-F81BC5FD0D50} = {F881D5B0-8DDD-4B9A-B1DF-1324529FBE02}
		{E38A8B93-7315-4357-ACBF-B5DD59009421} = {F881D5B0-8DDD-4B9A-B1DF-1324529FBE02}
		{3430EA34-52CF-4CCE-9084-168D51C38F3E} = {2B99E99B-9784-4556-A3E7-1EDF7A90DEEE}
		{E5743168-5DD3-4459-B913-1776BDC788B2} = {2B99E99B-9784-4556-A3E7-1EDF7A90DEEE}
		{AEB48351-DFBF-41C9-843E-B7265FD924EB} = {2B99E99B-9784-4556-A3E7-1EDF7A90DEEE}
		{35CDD9D0-4B72-46D3-9D16-1E1544E55C9C} = {F81028E3-D630-4E05-808B-7BE250E7CB10}
		{26B2A176-ECB4-44B0-920E-A4F504965E85} = {F81028E3-D630-4E05-808B-7BE250E7CB10}
		{3B687855-FC62-4651-B84A-6396123D2E44} = {788C5242-D617-4197-92DC-E8F657BE8132}
		{C88A45DC-3269-4CCB-BB21-E1071D53E6C7} = {F81028E3-D630-4E05-808B-7BE250E7CB10}
		{CB63107F-832D-4A34-892A-AC470BC435A2} = {F81028E3-D630-4E05-808B-7BE250E7CB10}
		{38596BF1-B190-4D2D-A2E1-4581ABD590D8} = {F881D5B0-8DDD-4B9A-B1DF-1324529FBE02}
		{36BE5C8C-35AC-4D54-8E59-7E1E49BE2B81} = {F881D5B0-8DDD-4B9A-B1DF-1324529FBE02}
		{501FBDB3-7EFC-4671-A538-58D1F575CE1B} = {F881D5B0-8DDD-4B9A-B1DF-1324529FBE02}
		{C7B7B7C7-1ED0-4BE7-A016-09AC0487170A} = {86089AB1-9D5F-42A9-9BFB-F83EFC0B9411}
		{05447787-E69E-4503-BE7F-90C3D1DCF6D8} = {C7B7B7C7-1ED0-4BE7-A016-09AC0487170A}
		{45072358-749D-4A83-8751-CB35E5D792A9} = {C7B7B7C7-1ED0-4BE7-A016-09AC0487170A}
		{A6E56145-0930-4BAC-B804-E3A6E2FAC28F} = {86089AB1-9D5F-42A9-9BFB-F83EFC0B9411}
		{D22D094E-A8BC-4240-93A5-8FC27754B40F} = {A6E56145-0930-4BAC-B804-E3A6E2FAC28F}
		{A2143E7F-4D5C-4BAE-8595-3E8A9D3C2C1C} = {86089AB1-9D5F-42A9-9BFB-F83EFC0B9411}
		{C14AEA12-3603-4E73-B5F9-CF3D5FE24A07} = {A2143E7F-4D5C-4BAE-8595-3E8A9D3C2C1C}
		{6FC16E67-81D2-4E4E-9286-42D4A42F9BD8} = {A2143E7F-4D5C-4BAE-8595-3E8A9D3C2C1C}
		{2EF0B3DA-5389-4B20-98AB-E0A8684F660A} = {86089AB1-9D5F-42A9-9BFB-F83EFC0B9411}
		{341EE759-C69D-4046-91C6-983E29DC713E} = {2EF0B3DA-5389-4B20-98AB-E0A8684F660A}
		{AFC6EBCB-4A4C-49A1-8CAC-E424FF11DA4C} = {2EF0B3DA-5389-4B20-98AB-E0A8684F660A}
		{94CCB90C-FC47-4392-AE6E-4126484A0393} = {A2143E7F-4D5C-4BAE-8595-3E8A9D3C2C1C}
		{41A5D537-2823-49AA-9398-74431D0CF180} = {F81028E3-D630-4E05-808B-7BE250E7CB10}
		{7AB788FF-8680-491E-851D-41B1C80C36C2} = {2B99E99B-9784-4556-A3E7-1EDF7A90DEEE}
		{5C55BE3B-F1A5-4DF4-B477-18937B37C539} = {86089AB1-9D5F-42A9-9BFB-F83EFC0B9411}
		{93D9AA90-4E28-46EE-9607-14D3D7C5A360} = {5C55BE3B-F1A5-4DF4-B477-18937B37C539}
		{55F15A8F-5A2B-415E-BA09-EF7914283924} = {F881D5B0-8DDD-4B9A-B1DF-1324529FBE02}
		{537A3444-8456-4D94-9DA9-FB70A61A2C0C} = {86089AB1-9D5F-42A9-9BFB-F83EFC0B9411}
		{06C3D4CB-AC51-4AAA-AA00-A834D345C45B} = {537A3444-8456-4D94-9DA9-FB70A61A2C0C}
		{AD546444-A13D-41B8-BA74-B9BAE287D59D} = {537A3444-8456-4D94-9DA9-FB70A61A2C0C}
	EndGlobalSection
EndGlobal
